
Microsoft Visual Studio Solution File, Format Version 12.00
# Visual Studio Version 17
VisualStudioVersion = 17.8.34511.84
MinimumVisualStudioVersion = 10.0.40219.1
Project("{9A19103F-16F7-4668-BE54-9A1E7A4F7556}") = "Examen2", "Examen2.csproj", "{4C3C3CA2-75D4-487D-9826-CC0543A32796}"
EndProject
Global
	GlobalSection(SolutionConfigurationPlatforms) = preSolution
		Debug|Any CPU = Debug|Any CPU
		Release|Any CPU = Release|Any CPU
	EndGlobalSection
	GlobalSection(ProjectConfigurationPlatforms) = postSolution
		{4C3C3CA2-75D4-487D-9826-CC0543A32796}.Debug|Any CPU.ActiveCfg = Debug|Any CPU
		{4C3C3CA2-75D4-487D-9826-CC0543A32796}.Debug|Any CPU.Build.0 = Debug|Any CPU
		{4C3C3CA2-75D4-487D-9826-CC0543A32796}.Release|Any CPU.ActiveCfg = Release|Any CPU
		{4C3C3CA2-75D4-487D-9826-CC0543A32796}.Release|Any CPU.Build.0 = Release|Any CPU
	EndGlobalSection
	GlobalSection(SolutionProperties) = preSolution
		HideSolutionNode = FALSE
	EndGlobalSection
	GlobalSection(ExtensibilityGlobals) = postSolution
		SolutionGuid = {6F2A5DDD-FD83-4B10-828A-7C0931105E43}
	EndGlobalSection
EndGlobal
